// !$*UTF8*$!
{
	archiveVersion = 1;
	classes = {
	};
	objectVersion = 46;
	objects = {

/* Begin PBXBuildFile section */
		D30D487C1953FC8200D15845 /* AppDelegate.swift in Sources */ = {isa = PBXBuildFile; fileRef = D30D487B1953FC8200D15845 /* AppDelegate.swift */; };
		D30D487E1953FC8200D15845 /* ViewController.swift in Sources */ = {isa = PBXBuildFile; fileRef = D30D487D1953FC8200D15845 /* ViewController.swift */; };
		D30D48811953FC8200D15845 /* Main.storyboard in Resources */ = {isa = PBXBuildFile; fileRef = D30D487F1953FC8200D15845 /* Main.storyboard */; };
		D30D48831953FC8200D15845 /* Images.xcassets in Resources */ = {isa = PBXBuildFile; fileRef = D30D48821953FC8200D15845 /* Images.xcassets */; };
		D30D488F1953FC8200D15845 /* WordFrequencyTests.swift in Sources */ = {isa = PBXBuildFile; fileRef = D30D488E1953FC8200D15845 /* WordFrequencyTests.swift */; };
/* End PBXBuildFile section */

/* Begin PBXContainerItemProxy section */
		D30D48891953FC8200D15845 /* PBXContainerItemProxy */ = {
			isa = PBXContainerItemProxy;
			containerPortal = D30D486E1953FC8200D15845 /* Project object */;
			proxyType = 1;
			remoteGlobalIDString = D30D48751953FC8200D15845;
			remoteInfo = WordFrequency;
		};
/* End PBXContainerItemProxy section */

/* Begin PBXFileReference section */
		D30D48761953FC8200D15845 /* WordFrequency.app */ = {isa = PBXFileReference; explicitFileType = wrapper.application; includeInIndex = 0; path = WordFrequency.app; sourceTree = BUILT_PRODUCTS_DIR; };
		D30D487A1953FC8200D15845 /* Info.plist */ = {isa = PBXFileReference; lastKnownFileType = text.plist.xml; path = Info.plist; sourceTree = "<group>"; };
		D30D487B1953FC8200D15845 /* AppDelegate.swift */ = {isa = PBXFileReference; lastKnownFileType = sourcecode.swift; path = AppDelegate.swift; sourceTree = "<group>"; };
		D30D487D1953FC8200D15845 /* ViewController.swift */ = {isa = PBXFileReference; lastKnownFileType = sourcecode.swift; path = ViewController.swift; sourceTree = "<group>"; };
		D30D48801953FC8200D15845 /* Base */ = {isa = PBXFileReference; lastKnownFileType = file.storyboard; name = Base; path = Base.lproj/Main.storyboard; sourceTree = "<group>"; };
		D30D48821953FC8200D15845 /* Images.xcassets */ = {isa = PBXFileReference; lastKnownFileType = folder.assetcatalog; path = Images.xcassets; sourceTree = "<group>"; };
		D30D48881953FC8200D15845 /* WordFrequencyTests.xctest */ = {isa = PBXFileReference; explicitFileType = wrapper.cfbundle; includeInIndex = 0; path = WordFrequencyTests.xctest; sourceTree = BUILT_PRODUCTS_DIR; };
		D30D488D1953FC8200D15845 /* Info.plist */ = {isa = PBXFileReference; lastKnownFileType = text.plist.xml; path = Info.plist; sourceTree = "<group>"; };
		D30D488E1953FC8200D15845 /* WordFrequencyTests.swift */ = {isa = PBXFileReference; lastKnownFileType = sourcecode.swift; path = WordFrequencyTests.swift; sourceTree = "<group>"; };
/* End PBXFileReference section */

/* Begin PBXFrameworksBuildPhase section */
		D30D48731953FC8200D15845 /* Frameworks */ = {
			isa = PBXFrameworksBuildPhase;
			buildActionMask = 2147483647;
			files = (
			);
			runOnlyForDeploymentPostprocessing = 0;
		};
		D30D48851953FC8200D15845 /* Frameworks */ = {
			isa = PBXFrameworksBuildPhase;
			buildActionMask = 2147483647;
			files = (
			);
			runOnlyForDeploymentPostprocessing = 0;
		};
/* End PBXFrameworksBuildPhase section */

/* Begin PBXGroup section */
		D30D486D1953FC8200D15845 = {
			isa = PBXGroup;
			children = (
				D30D48781953FC8200D15845 /* WordFrequency */,
				D30D488B1953FC8200D15845 /* WordFrequencyTests */,
				D30D48771953FC8200D15845 /* Products */,
			);
			sourceTree = "<group>";
		};
		D30D48771953FC8200D15845 /* Products */ = {
			isa = PBXGroup;
			children = (
				D30D48761953FC8200D15845 /* WordFrequency.app */,
				D30D48881953FC8200D15845 /* WordFrequencyTests.xctest */,
			);
			name = Products;
			sourceTree = "<group>";
		};
		D30D48781953FC8200D15845 /* WordFrequency */ = {
			isa = PBXGroup;
			children = (
				D30D487B1953FC8200D15845 /* AppDelegate.swift */,
				D30D487D1953FC8200D15845 /* ViewController.swift */,
				D30D487F1953FC8200D15845 /* Main.storyboard */,
				D30D48821953FC8200D15845 /* Images.xcassets */,
				D30D48791953FC8200D15845 /* Supporting Files */,
			);
			path = WordFrequency;
			sourceTree = "<group>";
		};
		D30D48791953FC8200D15845 /* Supporting Files */ = {
			isa = PBXGroup;
			children = (
				D30D487A1953FC8200D15845 /* Info.plist */,
			);
			name = "Supporting Files";
			sourceTree = "<group>";
		};
		D30D488B1953FC8200D15845 /* WordFrequencyTests */ = {
			isa = PBXGroup;
			children = (
				D30D488E1953FC8200D15845 /* WordFrequencyTests.swift */,
				D30D488C1953FC8200D15845 /* Supporting Files */,
			);
			path = WordFrequencyTests;
			sourceTree = "<group>";
		};
		D30D488C1953FC8200D15845 /* Supporting Files */ = {
			isa = PBXGroup;
			children = (
				D30D488D1953FC8200D15845 /* Info.plist */,
			);
			name = "Supporting Files";
			sourceTree = "<group>";
		};
/* End PBXGroup section */

/* Begin PBXNativeTarget section */
		D30D48751953FC8200D15845 /* WordFrequency */ = {
			isa = PBXNativeTarget;
			buildConfigurationList = D30D48921953FC8200D15845 /* Build configuration list for PBXNativeTarget "WordFrequency" */;
			buildPhases = (
				D30D48721953FC8200D15845 /* Sources */,
				D30D48731953FC8200D15845 /* Frameworks */,
				D30D48741953FC8200D15845 /* Resources */,
			);
			buildRules = (
			);
			dependencies = (
			);
			name = WordFrequency;
			productName = WordFrequency;
			productReference = D30D48761953FC8200D15845 /* WordFrequency.app */;
			productType = "com.apple.product-type.application";
		};
		D30D48871953FC8200D15845 /* WordFrequencyTests */ = {
			isa = PBXNativeTarget;
			buildConfigurationList = D30D48951953FC8200D15845 /* Build configuration list for PBXNativeTarget "WordFrequencyTests" */;
			buildPhases = (
				D30D48841953FC8200D15845 /* Sources */,
				D30D48851953FC8200D15845 /* Frameworks */,
				D30D48861953FC8200D15845 /* Resources */,
			);
			buildRules = (
			);
			dependencies = (
				D30D488A1953FC8200D15845 /* PBXTargetDependency */,
			);
			name = WordFrequencyTests;
			productName = WordFrequencyTests;
			productReference = D30D48881953FC8200D15845 /* WordFrequencyTests.xctest */;
			productType = "com.apple.product-type.bundle.unit-test";
		};
/* End PBXNativeTarget section */

/* Begin PBXProject section */
		D30D486E1953FC8200D15845 /* Project object */ = {
			isa = PBXProject;
			attributes = {
				LastUpgradeCheck = 0600;
				ORGANIZATIONNAME = "Tim Stephenson";
				TargetAttributes = {
					D30D48751953FC8200D15845 = {
						CreatedOnToolsVersion = 6.0;
					};
					D30D48871953FC8200D15845 = {
						CreatedOnToolsVersion = 6.0;
						TestTargetID = D30D48751953FC8200D15845;
					};
				};
			};
			buildConfigurationList = D30D48711953FC8200D15845 /* Build configuration list for PBXProject "WordFrequency" */;
			compatibilityVersion = "Xcode 3.2";
			developmentRegion = English;
			hasScannedForEncodings = 0;
			knownRegions = (
				en,
				Base,
			);
			mainGroup = D30D486D1953FC8200D15845;
			productRefGroup = D30D48771953FC8200D15845 /* Products */;
			projectDirPath = "";
			projectRoot = "";
			targets = (
				D30D48751953FC8200D15845 /* WordFrequency */,
				D30D48871953FC8200D15845 /* WordFrequencyTests */,
			);
		};
/* End PBXProject section */

/* Begin PBXResourcesBuildPhase section */
		D30D48741953FC8200D15845 /* Resources */ = {
			isa = PBXResourcesBuildPhase;
			buildActionMask = 2147483647;
			files = (
				D30D48811953FC8200D15845 /* Main.storyboard in Resources */,
				D30D48831953FC8200D15845 /* Images.xcassets in Resources */,
			);
			runOnlyForDeploymentPostprocessing = 0;
		};
		D30D48861953FC8200D15845 /* Resources */ = {
			isa = PBXResourcesBuildPhase;
			buildActionMask = 2147483647;
			files = (
			);
			runOnlyForDeploymentPostprocessing = 0;
		};
/* End PBXResourcesBuildPhase section */

/* Begin PBXSourcesBuildPhase section */
		D30D48721953FC8200D15845 /* Sources */ = {
			isa = PBXSourcesBuildPhase;
			buildActionMask = 2147483647;
			files = (
				D30D487E1953FC8200D15845 /* ViewController.swift in Sources */,
				D30D487C1953FC8200D15845 /* AppDelegate.swift in Sources */,
			);
			runOnlyForDeploymentPostprocessing = 0;
		};
		D30D48841953FC8200D15845 /* Sources */ = {
			isa = PBXSourcesBuildPhase;
			buildActionMask = 2147483647;
			files = (
				D30D488F1953FC8200D15845 /* WordFrequencyTests.swift in Sources */,
			);
			runOnlyForDeploymentPostprocessing = 0;
		};
/* End PBXSourcesBuildPhase section */

/* Begin PBXTargetDependency section */
		D30D488A1953FC8200D15845 /* PBXTargetDependency */ = {
			isa = PBXTargetDependency;
			target = D30D48751953FC8200D15845 /* WordFrequency */;
			targetProxy = D30D48891953FC8200D15845 /* PBXContainerItemProxy */;
		};
/* End PBXTargetDependency section */

/* Begin PBXVariantGroup section */
		D30D487F1953FC8200D15845 /* Main.storyboard */ = {
			isa = PBXVariantGroup;
			children = (
				D30D48801953FC8200D15845 /* Base */,
			);
			name = Main.storyboard;
			sourceTree = "<group>";
		};
/* End PBXVariantGroup section */

/* Begin XCBuildConfiguration section */
		D30D48901953FC8200D15845 /* Debug */ = {
			isa = XCBuildConfiguration;
			buildSettings = {
				ALWAYS_SEARCH_USER_PATHS = NO;
				CLANG_CXX_LANGUAGE_STANDARD = "gnu++0x";
				CLANG_CXX_LIBRARY = "libc++";
				CLANG_ENABLE_MODULES = YES;
				CLANG_ENABLE_OBJC_ARC = YES;
				CLANG_WARN_BOOL_CONVERSION = YES;
				CLANG_WARN_CONSTANT_CONVERSION = YES;
				CLANG_WARN_DIRECT_OBJC_ISA_USAGE = YES_ERROR;
				CLANG_WARN_EMPTY_BODY = YES;
				CLANG_WARN_ENUM_CONVERSION = YES;
				CLANG_WARN_INT_CONVERSION = YES;
				CLANG_WARN_OBJC_ROOT_CLASS = YES_ERROR;
				CLANG_WARN_UNREACHABLE_CODE = YES;
				CLANG_WARN__DUPLICATE_METHOD_MATCH = YES;
				"CODE_SIGN_IDENTITY[sdk=iphoneos*]" = "iPhone Developer";
				COPY_PHASE_STRIP = NO;
				ENABLE_STRICT_OBJC_MSGSEND = YES;
				GCC_C_LANGUAGE_STANDARD = gnu99;
				GCC_DYNAMIC_NO_PIC = NO;
				GCC_OPTIMIZATION_LEVEL = 0;
				GCC_PREPROCESSOR_DEFINITIONS = (
					"DEBUG=1",
					"$(inherited)",
				);
				GCC_SYMBOLS_PRIVATE_EXTERN = NO;
				GCC_WARN_64_TO_32_BIT_CONVERSION = YES;
				GCC_WARN_ABOUT_RETURN_TYPE = YES_ERROR;
				GCC_WARN_UNDECLARED_SELECTOR = YES;
				GCC_WARN_UNINITIALIZED_AUTOS = YES_AGGRESSIVE;
				GCC_WARN_UNUSED_FUNCTION = YES;
				GCC_WARN_UNUSED_VARIABLE = YES;
				IPHONEOS_DEPLOYMENT_TARGET = 8.0;
				METAL_ENABLE_DEBUG_INFO = YES;
				ONLY_ACTIVE_ARCH = YES;
				SDKROOT = iphoneos;
				SWIFT_OPTIMIZATION_LEVEL = "-Onone";
			};
			name = Debug;
		};
		D30D48911953FC8200D15845 /* Release */ = {
			isa = XCBuildConfiguration;
			buildSettings = {
				ALWAYS_SEARCH_USER_PATHS = NO;
				CLANG_CXX_LANGUAGE_STANDARD = "gnu++0x";
				CLANG_CXX_LIBRARY = "libc++";
				CLANG_ENABLE_MODULES = YES;
				CLANG_ENABLE_OBJC_ARC = YES;
				CLANG_WARN_BOOL_CONVERSION = YES;
				CLANG_WARN_CONSTANT_CONVERSION = YES;
				CLANG_WARN_DIRECT_OBJC_ISA_USAGE = YES_ERROR;
				CLANG_WARN_EMPTY_BODY = YES;
				CLANG_WARN_ENUM_CONVERSION = YES;
				CLANG_WARN_INT_CONVERSION = YES;
				CLANG_WARN_OBJC_ROOT_CLASS = YES_ERROR;
				CLANG_WARN_UNREACHABLE_CODE = YES;
				CLANG_WARN__DUPLICATE_METHOD_MATCH = YES;
				"CODE_SIGN_IDENTITY[sdk=iphoneos*]" = "iPhone Developer";
				COPY_PHASE_STRIP = YES;
				ENABLE_NS_ASSERTIONS = NO;
				ENABLE_STRICT_OBJC_MSGSEND = YES;
				GCC_C_LANGUAGE_STANDARD = gnu99;
				GCC_WARN_64_TO_32_BIT_CONVERSION = YES;
				GCC_WARN_ABOUT_RETURN_TYPE = YES_ERROR;
				GCC_WARN_UNDECLARED_SELECTOR = YES;
				GCC_WARN_UNINITIALIZED_AUTOS = YES_AGGRESSIVE;
				GCC_WARN_UNUSED_FUNCTION = YES;
				GCC_WARN_UNUSED_VARIABLE = YES;
				IPHONEOS_DEPLOYMENT_TARGET = 8.0;
				METAL_ENABLE_DEBUG_INFO = NO;
				SDKROOT = iphoneos;
				VALIDATE_PRODUCT = YES;
			};
			name = Release;
		};
		D30D48931953FC8200D15845 /* Debug */ = {
			isa = XCBuildConfiguration;
			buildSettings = {
				ASSETCATALOG_COMPILER_APPICON_NAME = AppIcon;
				ASSETCATALOG_COMPILER_LAUNCHIMAGE_NAME = LaunchImage;
				INFOPLIST_FILE = WordFrequency/Info.plist;
				LD_RUNPATH_SEARCH_PATHS = "$(inherited) @executable_path/Frameworks";
				PRODUCT_NAME = "$(TARGET_NAME)";
			};
			name = Debug;
		};
		D30D48941953FC8200D15845 /* Release */ = {
			isa = XCBuildConfiguration;
			buildSettings = {
				ASSETCATALOG_COMPILER_APPICON_NAME = AppIcon;
				ASSETCATALOG_COMPILER_LAUNCHIMAGE_NAME = LaunchImage;
				INFOPLIST_FILE = WordFrequency/Info.plist;
				LD_RUNPATH_SEARCH_PATHS = "$(inherited) @executable_path/Frameworks";
				PRODUCT_NAME = "$(TARGET_NAME)";
			};
			name = Release;
		};
		D30D48961953FC8200D15845 /* Debug */ = {
			isa = XCBuildConfiguration;
			buildSettings = {
				BUNDLE_LOADER = "$(BUILT_PRODUCTS_DIR)/WordFrequency.app/WordFrequency";
				FRAMEWORK_SEARCH_PATHS = (
					"$(SDKROOT)/Developer/Library/Frameworks",
					"$(inherited)",
				);
				GCC_PREPROCESSOR_DEFINITIONS = (
					"DEBUG=1",
					"$(inherited)",
				);
				INFOPLIST_FILE = WordFrequencyTests/Info.plist;
				LD_RUNPATH_SEARCH_PATHS = "$(inherited) @executable_path/Frameworks @loader_path/Frameworks";
				METAL_ENABLE_DEBUG_INFO = YES;
				PRODUCT_NAME = "$(TARGET_NAME)";
				TEST_HOST = "$(BUNDLE_LOADER)";
			};
			name = Debug;
		};
		D30D48971953FC8200D15845 /* Release */ = {
			isa = XCBuildConfiguration;
			buildSettings = {
				BUNDLE_LOADER = "$(BUILT_PRODUCTS_DIR)/WordFrequency.app/WordFrequency";
				FRAMEWORK_SEARCH_PATHS = (
					"$(SDKROOT)/Developer/Library/Frameworks",
					"$(inherited)",
				);
				INFOPLIST_FILE = WordFrequencyTests/Info.plist;
				LD_RUNPATH_SEARCH_PATHS = "$(inherited) @executable_path/Frameworks @loader_path/Frameworks";
				METAL_ENABLE_DEBUG_INFO = NO;
				PRODUCT_NAME = "$(TARGET_NAME)";
				TEST_HOST = "$(BUNDLE_LOADER)";
			};
			name = Release;
		};
/* End XCBuildConfiguration section */

/* Begin XCConfigurationList section */
		D30D48711953FC8200D15845 /* Build configuration list for PBXProject "WordFrequency" */ = {
			isa = XCConfigurationList;
			buildConfigurations = (
				D30D48901953FC8200D15845 /* Debug */,
				D30D48911953FC8200D15845 /* Release */,
			);
			defaultConfigurationIsVisible = 0;
			defaultConfigurationName = Release;
		};
		D30D48921953FC8200D15845 /* Build configuration list for PBXNativeTarget "WordFrequency" */ = {
			isa = XCConfigurationList;
			buildConfigurations = (
				D30D48931953FC8200D15845 /* Debug */,
				D30D48941953FC8200D15845 /* Release */,
			);
			defaultConfigurationIsVisible = 0;
		};
		D30D48951953FC8200D15845 /* Build configuration list for PBXNativeTarget "WordFrequencyTests" */ = {
			isa = XCConfigurationList;
			buildConfigurations = (
				D30D48961953FC8200D15845 /* Debug */,
				D30D48971953FC8200D15845 /* Release */,
			);
			defaultConfigurationIsVisible = 0;
		};
/* End XCConfigurationList section */
	};
	rootObject = D30D486E1953FC8200D15845 /* Project object */;
}
